schema: '2.0'
stages:
  data_ingestion:
    cmd: python src/Crop_Image_Classification/pipeline/stage_01_data_ingestion.py
    deps:
    - path: config/config.yaml
      md5: 2b5e35244a7ea927352724c44da64faf
      size: 781
    - path: src/Crop_Image_Classification/pipeline/stage_01_data_ingestion.py
      md5: 5b48292477642ea1a8f37661df3ea9c5
      size: 1016
    outs:
    - path: artifacts/data_ingestion/Agricultural-crops
      md5: 20bc684546aacbe566813307b94d28f4.dir
      size: 83062937
      nfiles: 825
  prepare_base_model:
    cmd: python src/Crop_Image_Classification/pipeline/stage_02_prepare_base_model.py
    deps:
    - path: config/config.yaml
      md5: 2b5e35244a7ea927352724c44da64faf
      size: 781
    - path: src/Crop_Image_Classification/pipeline/stage_02_prepare_base_model.py
      md5: 467281ddcc070fe09c8c1c6f1e2ce632
      size: 1160
    params:
      params.yaml:
        CLASSES: 30
        IMAGE_SIZE:
        - 299
        - 299
        - 3
        INCLUDED_TOP: false
        LEARNING_RATE: 0.01
        WEIGHTS: imagenet
    outs:
    - path: artifacts/prepare_base_model
      md5: 406307b63cfcd9b9702d0cb8e52c53b2.dir
      size: 122829304
      nfiles: 2
  training:
    cmd: python src/Crop_Image_Classification/pipeline/stage_03_training.py
    deps:
    - path: artifacts/data_ingestion/Agricultural-crops
      md5: 20bc684546aacbe566813307b94d28f4.dir
      size: 83062937
      nfiles: 825
    - path: artifacts/prepare_base_model
      md5: 406307b63cfcd9b9702d0cb8e52c53b2.dir
      size: 122829304
      nfiles: 2
    - path: config/config.yaml
      md5: 2b5e35244a7ea927352724c44da64faf
      size: 781
    - path: src/Crop_Image_Classification/components/prepare_callbacks.py
      md5: f6d8d1b92b88abbc7ff08d30f1cb1b8e
      size: 1033
    - path: src/Crop_Image_Classification/pipeline/stage_03_training.py
      md5: 59af6c4f3781fd19ed9bf2560af03ec4
      size: 2637
    params:
      params.yaml:
        AUGMENTATION: true
        BATCH_SIZE: 16
        EPOCHS: 20
        IMAGE_SIZE:
        - 299
        - 299
        - 3
    outs:
    - path: artifacts/training/model.h5
      md5: a0ea1fff84c30b430d1ea655eaf45e32
      size: 63910040
  evaluation:
    cmd: python src/Crop_Image_Classification/pipeline/stage_04_evaluation.py
    deps:
    - path: artifacts/data_ingestion/Agricultural-crops
      md5: 20bc684546aacbe566813307b94d28f4.dir
      size: 83062937
      nfiles: 825
    - path: artifacts/training/model.h5
      md5: a0ea1fff84c30b430d1ea655eaf45e32
      size: 63910040
    - path: config/config.yaml
      md5: 2b5e35244a7ea927352724c44da64faf
      size: 781
    - path: src/Crop_Image_Classification/pipeline/stage_04_evaluation.py
      md5: 32aabeb01f98e503997624c0f4f91be4
      size: 909
    params:
      params.yaml:
        BATCH_SIZE: 16
        IMAGE_SIZE:
        - 299
        - 299
        - 3
    outs:
    - path: scores.json
      md5: 8f2fb6d35cd03aca264e700ab72ea6c2
      size: 95
